
Microsoft Visual Studio Solution File, Format Version 12.00
# Visual Studio Version 17
VisualStudioVersion = 17.8.34309.116
MinimumVisualStudioVersion = 10.0.40219.1
Project("{9A19103F-16F7-4668-BE54-9A1E7A4F7556}") = "Ez4.CronJob.Sample", "src\Ez4.CronJob.Sample\Ez4.CronJob.Sample.csproj", "{EFE19D48-3ECC-4EB8-B63C-4ED14797D42B}"
EndProject
Project("{9A19103F-16F7-4668-BE54-9A1E7A4F7556}") = "InCluster.Sample", "src\InCluster.Sample\InCluster.Sample.csproj", "{C8AB9A79-28C1-4CBD-8B26-C4A2DF263A20}"
EndProject
Global
	GlobalSection(SolutionConfigurationPlatforms) = preSolution
		Debug|Any CPU = Debug|Any CPU
		Release|Any CPU = Release|Any CPU
	EndGlobalSection
	GlobalSection(ProjectConfigurationPlatforms) = postSolution
		{EFE19D48-3ECC-4EB8-B63C-4ED14797D42B}.Debug|Any CPU.ActiveCfg = Debug|Any CPU
		{EFE19D48-3ECC-4EB8-B63C-4ED14797D42B}.Debug|Any CPU.Build.0 = Debug|Any CPU
		{EFE19D48-3ECC-4EB8-B63C-4ED14797D42B}.Release|Any CPU.ActiveCfg = Release|Any CPU
		{EFE19D48-3ECC-4EB8-B63C-4ED14797D42B}.Release|Any CPU.Build.0 = Release|Any CPU
		{C8AB9A79-28C1-4CBD-8B26-C4A2DF263A20}.Debug|Any CPU.ActiveCfg = Debug|Any CPU
		{C8AB9A79-28C1-4CBD-8B26-C4A2DF263A20}.Debug|Any CPU.Build.0 = Debug|Any CPU
		{C8AB9A79-28C1-4CBD-8B26-C4A2DF263A20}.Release|Any CPU.ActiveCfg = Release|Any CPU
		{C8AB9A79-28C1-4CBD-8B26-C4A2DF263A20}.Release|Any CPU.Build.0 = Release|Any CPU
	EndGlobalSection
	GlobalSection(SolutionProperties) = preSolution
		HideSolutionNode = FALSE
	EndGlobalSection
	GlobalSection(ExtensibilityGlobals) = postSolution
		SolutionGuid = {8AFF5D6B-E591-4709-8A0C-6436F2A57332}
	EndGlobalSection
EndGlobal
